
Microsoft Visual Studio Solution File, Format Version 12.00
# Visual Studio Version 17
VisualStudioVersion = 17.9.34616.47
MinimumVisualStudioVersion = 10.0.40219.1
Project("{FAE04EC0-301F-11D3-BF4B-00C04F79EFBC}") = "DBConnection", "DBConnection.csproj", "{A330D75F-294B-4818-8963-D9AA092249DC}"
EndProject
Global
	GlobalSection(SolutionConfigurationPlatforms) = preSolution
		Debug|Any CPU = Debug|Any CPU
		Release|Any CPU = Release|Any CPU
	EndGlobalSection
	GlobalSection(ProjectConfigurationPlatforms) = postSolution
		{A330D75F-294B-4818-8963-D9AA092249DC}.Debug|Any CPU.ActiveCfg = Debug|Any CPU
		{A330D75F-294B-4818-8963-D9AA092249DC}.Debug|Any CPU.Build.0 = Debug|Any CPU
		{A330D75F-294B-4818-8963-D9AA092249DC}.Release|Any CPU.ActiveCfg = Release|Any CPU
		{A330D75F-294B-4818-8963-D9AA092249DC}.Release|Any CPU.Build.0 = Release|Any CPU
	EndGlobalSection
	GlobalSection(SolutionProperties) = preSolution
		HideSolutionNode = FALSE
	EndGlobalSection
	GlobalSection(ExtensibilityGlobals) = postSolution
		SolutionGuid = {3247E31B-DBBE-4C40-AE46-093694D3184F}
	EndGlobalSection
EndGlobal
