
Microsoft Visual Studio Solution File, Format Version 12.00
# Visual Studio Version 17
VisualStudioVersion = 17.8.34316.72
MinimumVisualStudioVersion = 10.0.40219.1
Project("{FAE04EC0-301F-11D3-BF4B-00C04F79EFBC}") = "ConsoleApp1", "ConsoleApp1\ConsoleApp1.csproj", "{711480D9-F323-4BD5-8A1B-5FFD7762D6B3}"
EndProject
Global
	GlobalSection(SolutionConfigurationPlatforms) = preSolution
		Debug|Any CPU = Debug|Any CPU
		Release|Any CPU = Release|Any CPU
	EndGlobalSection
	GlobalSection(ProjectConfigurationPlatforms) = postSolution
		{711480D9-F323-4BD5-8A1B-5FFD7762D6B3}.Debug|Any CPU.ActiveCfg = Debug|Any CPU
		{711480D9-F323-4BD5-8A1B-5FFD7762D6B3}.Debug|Any CPU.Build.0 = Debug|Any CPU
		{711480D9-F323-4BD5-8A1B-5FFD7762D6B3}.Release|Any CPU.ActiveCfg = Release|Any CPU
		{711480D9-F323-4BD5-8A1B-5FFD7762D6B3}.Release|Any CPU.Build.0 = Release|Any CPU
	EndGlobalSection
	GlobalSection(SolutionProperties) = preSolution
		HideSolutionNode = FALSE
	EndGlobalSection
	GlobalSection(ExtensibilityGlobals) = postSolution
		SolutionGuid = {F37DF98D-C8B8-4E1C-B795-155D44910615}
	EndGlobalSection
EndGlobal
